
Microsoft Visual Studio Solution File, Format Version 12.00
# Visual Studio Version 17
VisualStudioVersion = 17.13.35919.96 d17.13
MinimumVisualStudioVersion = 10.0.40219.1
Project("{FAE04EC0-301F-11D3-BF4B-00C04F79EFBC}") = "Budget_App", "Budget_App\Budget_App.csproj", "{2788A08C-8FE4-430B-A9A0-863B11E1D42E}"
EndProject
Global
	GlobalSection(SolutionConfigurationPlatforms) = preSolution
		Debug|Any CPU = Debug|Any CPU
		Release|Any CPU = Release|Any CPU
	EndGlobalSection
	GlobalSection(ProjectConfigurationPlatforms) = postSolution
		{2788A08C-8FE4-430B-A9A0-863B11E1D42E}.Debug|Any CPU.ActiveCfg = Debug|Any CPU
		{2788A08C-8FE4-430B-A9A0-863B11E1D42E}.Debug|Any CPU.Build.0 = Debug|Any CPU
		{2788A08C-8FE4-430B-A9A0-863B11E1D42E}.Release|Any CPU.ActiveCfg = Release|Any CPU
		{2788A08C-8FE4-430B-A9A0-863B11E1D42E}.Release|Any CPU.Build.0 = Release|Any CPU
	EndGlobalSection
	GlobalSection(SolutionProperties) = preSolution
		HideSolutionNode = FALSE
	EndGlobalSection
	GlobalSection(ExtensibilityGlobals) = postSolution
		SolutionGuid = {9AB0CDD2-8679-47F2-A28F-AB1323BCD09C}
	EndGlobalSection
EndGlobal
